
Microsoft Visual Studio Solution File, Format Version 12.00
# Visual Studio Version 17
VisualStudioVersion = 17.7.34031.279
MinimumVisualStudioVersion = 10.0.40219.1
Project("{FAE04EC0-301F-11D3-BF4B-00C04F79EFBC}") = "projeto-c-sharp", "projeto-c-sharp.csproj", "{A35CBD81-A03D-48EE-B002-135E5E0FD312}"
EndProject
Global
	GlobalSection(SolutionConfigurationPlatforms) = preSolution
		Debug|Any CPU = Debug|Any CPU
		Release|Any CPU = Release|Any CPU
	EndGlobalSection
	GlobalSection(ProjectConfigurationPlatforms) = postSolution
		{A35CBD81-A03D-48EE-B002-135E5E0FD312}.Debug|Any CPU.ActiveCfg = Debug|Any CPU
		{A35CBD81-A03D-48EE-B002-135E5E0FD312}.Debug|Any CPU.Build.0 = Debug|Any CPU
		{A35CBD81-A03D-48EE-B002-135E5E0FD312}.Release|Any CPU.ActiveCfg = Release|Any CPU
		{A35CBD81-A03D-48EE-B002-135E5E0FD312}.Release|Any CPU.Build.0 = Release|Any CPU
	EndGlobalSection
	GlobalSection(SolutionProperties) = preSolution
		HideSolutionNode = FALSE
	EndGlobalSection
	GlobalSection(ExtensibilityGlobals) = postSolution
		SolutionGuid = {A9206EA5-DB0B-417D-B8E4-571CEB7120FB}
	EndGlobalSection
EndGlobal
